{
  "version": 2,
  "dependencies": {
    "net10.0": {
      "System.IO.Ports": {
        "type": "Direct",
        "requested": "[10.0.10, )",
        "resolved": "10.0.10",
        "contentHash": "9lciKeaWzvX3DlgKVvMSE9hM1DeXXTtvE/FIOyNaXn03DrSlC1zZfjALB250MxbClnjMUEp4yfP3rTEegedLUA==",
        "dependencies": {
          "runtime.native.System.IO.Ports": "10.0.10"
        }
      },
      "runtime.android-arm.runtime.native.System.IO.Ports": {
        "type": "Transitive",
        "resolved": "10.0.10",
        "contentHash": "T5mRWXRtYtlpAacy59hFnBDAWrCbjprSDXH0kPaWY1PQSGMPBMzPEM78+EwcCDXWRSDqQ9+4WeiN8kqO/8qrGg=="
      },
      "runtime.android-arm64.runtime.native.System.IO.Ports": {
        "type": "Transitive",
        "resolved": "10.0.10",
        "contentHash": "rGhksJt4V6l2XKn114ctZnfi2j5pwFiERA89cRyBD5Sc8c02njuOmqFodmLRXnAxaPpqGb4Fdpgb31FpUuAcTg=="
      },
      "runtime.android-x64.runtime.native.System.IO.Ports": {
        "type": "Transitive",
        "resolved": "10.0.10",
        "contentHash": "kkWZWezibTIc4FtFhGYn7UW7qor9bkR44sIoWWoQ1hCS/yubxaqdeF9QypSY174K49//gD4BbrH9sjtqLJ7xCw=="
      },
      "runtime.android-x86.runtime.native.System.IO.Ports": {
        "type": "Transitive",
        "resolved": "10.0.10",
        "contentHash": "v+LyA8VbAlrl9dXy4I2vz6trqfqVSjjpy8wjE2kkA8D5VC4Q+pWih/ni0gdmRoYpWA1rim6lqKbaQW7Y9C/RpQ=="
      },
      "runtime.linux-arm.runtime.native.System.IO.Ports": {
        "type": "Transitive",
        "resolved": "10.0.10",
        "contentHash": "sbh4qLJi2LPLN78bb9R9bLAxMVBGus6IqERNcOfoSPHX+DmZFgaP69f0x1NJ2sqw+6lz+tHtXkjp1V00Dje2Ww=="
      },
      "runtime.linux-arm64.runtime.native.System.IO.Ports": {
        "type": "Transitive",
        "resolved": "10.0.10",
        "contentHash": "/5lAHJStjE7kwa8WSQAuHS/vBVcNw2LR4m7VN4/DLIC406MjOKyJZPjUcw38dSTbMSdFQ59x3CUKlux5hvQgNg=="
      },
      "runtime.linux-bionic-arm64.runtime.native.System.IO.Ports": {
        "type": "Transitive",
        "resolved": "10.0.10",
        "contentHash": "bBUVzvHkMy7UcYkTugmredcfhkSLgJVQKAZST24W5AmSuZbLoDq0DWel4Z/rxJvRzmIcVwgYJJpGD37Z7ZbexA=="
      },
      "runtime.linux-bionic-x64.runtime.native.System.IO.Ports": {
        "type": "Transitive",
        "resolved": "10.0.10",
        "contentHash": "e954T6zNWzFrF5fg/+Hkyws/dpvwk/DPprz+/pVi/MyfiD0S+Ot5eImzSmf7Zdd6ZDn+9RkaX88nbpLYaXz12A=="
      },
      "runtime.linux-musl-arm.runtime.native.System.IO.Ports": {
        "type": "Transitive",
        "resolved": "10.0.10",
        "contentHash": "Oh5ofJ3tDxtqbAYrKMaT1OH4O4C17jZ6yvdcArcvslaQu9Nq7nn8NYbza18AHFhslTHgY+cFdUVo3X4UV+PlxQ=="
      },
      "runtime.linux-musl-arm64.runtime.native.System.IO.Ports": {
        "type": "Transitive",
        "resolved": "10.0.10",
        "contentHash": "9Y7ZCdwOgVzmwihqbv1ac/CSoFDKu16/qs5Xj7D+KK0kh276+OPXrYGjC5GzwzMexLLbbIezD0wxcY7V8v2hTg=="
      },
      "runtime.linux-musl-x64.runtime.native.System.IO.Ports": {
        "type": "Transitive",
        "resolved": "10.0.10",
        "contentHash": "VJ3RTKj3xkkbbHsAgHZXRVZti+4DYrU3Nz/EyejvomF9lE4WPevUtjJthaeTDRBcNdza1UeAuT56W46IUgaRXQ=="
      },
      "runtime.linux-x64.runtime.native.System.IO.Ports": {
        "type": "Transitive",
        "resolved": "10.0.10",
        "contentHash": "N7ghsEwUYt6os6RhTr/cjTA64nXbvcLOK0a87nd4Kf2CNSIv65iplOmFOFL/xANBfuQE+asa6HINhIRHfkJcHw=="
      },
      "runtime.maccatalyst-arm64.runtime.native.System.IO.Ports": {
        "type": "Transitive",
        "resolved": "10.0.10",
        "contentHash": "melreYhLYAUqRltZRLw7lZmJP7c105JjdDXE4sY+LxcccjPyeIkOoViCAhGcnzgFtoEh99iQsVMslwhahBvtZw=="
      },
      "runtime.maccatalyst-x64.runtime.native.System.IO.Ports": {
        "type": "Transitive",
        "resolved": "10.0.10",
        "contentHash": "33K1HB3X1Ezng4Grfyx7DnjcGUutrDw9CccpkLsq5rz/0Nb6GIz7hV7ooQficCmi0VvXBIWY8qRyuRsMtuEPyw=="
      },
      "runtime.native.System.IO.Ports": {
        "type": "Transitive",
        "resolved": "10.0.10",
        "contentHash": "VU1ZM0IFVLMfiF1u2/cwMPvfLtfDYGRKrqYECVUgZOt7oMlken8+VmtOHtqIfGwzLirn6RnAGROEMsH4yYqS7w==",
        "dependencies": {
          "runtime.android-arm.runtime.native.System.IO.Ports": "10.0.10",
          "runtime.android-arm64.runtime.native.System.IO.Ports": "10.0.10",
          "runtime.android-x64.runtime.native.System.IO.Ports": "10.0.10",
          "runtime.android-x86.runtime.native.System.IO.Ports": "10.0.10",
          "runtime.linux-arm.runtime.native.System.IO.Ports": "10.0.10",
          "runtime.linux-arm64.runtime.native.System.IO.Ports": "10.0.10",
          "runtime.linux-bionic-arm64.runtime.native.System.IO.Ports": "10.0.10",
          "runtime.linux-bionic-x64.runtime.native.System.IO.Ports": "10.0.10",
          "runtime.linux-musl-arm.runtime.native.System.IO.Ports": "10.0.10",
          "runtime.linux-musl-arm64.runtime.native.System.IO.Ports": "10.0.10",
          "runtime.linux-musl-x64.runtime.native.System.IO.Ports": "10.0.10",
          "runtime.linux-x64.runtime.native.System.IO.Ports": "10.0.10",
          "runtime.maccatalyst-arm64.runtime.native.System.IO.Ports": "10.0.10",
          "runtime.maccatalyst-x64.runtime.native.System.IO.Ports": "10.0.10",
          "runtime.osx-arm64.runtime.native.System.IO.Ports": "10.0.10",
          "runtime.osx-x64.runtime.native.System.IO.Ports": "10.0.10"
        }
      },
      "runtime.osx-arm64.runtime.native.System.IO.Ports": {
        "type": "Transitive",
        "resolved": "10.0.10",
        "contentHash": "I0UIQPvTI2XrrJPODUcgQ62LPF+oAqCpPLjRlT4BhKfR7mgEIS/+KHtArxhbi4eYVjb3eVfIxFIJ4ag1F7R3mw=="
      },
      "runtime.osx-x64.runtime.native.System.IO.Ports": {
        "type": "Transitive",
        "resolved": "10.0.10",
        "contentHash": "QOLsB0rIvKsPBU5E+6rOeRRsV4blSuBcCUs8u4+7pTn0Duua2u+k+EvLgbINuSMp1Hi+wrIZLaYz9TFAQyDwIg=="
      },
      "lt1diagnostics.domain": {
        "type": "Project"
      }
    },
    "net10.0/linux-x64": {
      "System.IO.Ports": {
        "type": "Direct",
        "requested": "[10.0.10, )",
        "resolved": "10.0.10",
        "contentHash": "9lciKeaWzvX3DlgKVvMSE9hM1DeXXTtvE/FIOyNaXn03DrSlC1zZfjALB250MxbClnjMUEp4yfP3rTEegedLUA==",
        "dependencies": {
          "runtime.native.System.IO.Ports": "10.0.10"
        }
      },
      "runtime.android-arm.runtime.native.System.IO.Ports": {
        "type": "Transitive",
        "resolved": "10.0.10",
        "contentHash": "T5mRWXRtYtlpAacy59hFnBDAWrCbjprSDXH0kPaWY1PQSGMPBMzPEM78+EwcCDXWRSDqQ9+4WeiN8kqO/8qrGg=="
      },
      "runtime.android-arm64.runtime.native.System.IO.Ports": {
        "type": "Transitive",
        "resolved": "10.0.10",
        "contentHash": "rGhksJt4V6l2XKn114ctZnfi2j5pwFiERA89cRyBD5Sc8c02njuOmqFodmLRXnAxaPpqGb4Fdpgb31FpUuAcTg=="
      },
      "runtime.android-x64.runtime.native.System.IO.Ports": {
        "type": "Transitive",
        "resolved": "10.0.10",
        "contentHash": "kkWZWezibTIc4FtFhGYn7UW7qor9bkR44sIoWWoQ1hCS/yubxaqdeF9QypSY174K49//gD4BbrH9sjtqLJ7xCw=="
      },
      "runtime.android-x86.runtime.native.System.IO.Ports": {
        "type": "Transitive",
        "resolved": "10.0.10",
        "contentHash": "v+LyA8VbAlrl9dXy4I2vz6trqfqVSjjpy8wjE2kkA8D5VC4Q+pWih/ni0gdmRoYpWA1rim6lqKbaQW7Y9C/RpQ=="
      },
      "runtime.linux-arm.runtime.native.System.IO.Ports": {
        "type": "Transitive",
        "resolved": "10.0.10",
        "contentHash": "sbh4qLJi2LPLN78bb9R9bLAxMVBGus6IqERNcOfoSPHX+DmZFgaP69f0x1NJ2sqw+6lz+tHtXkjp1V00Dje2Ww=="
      },
      "runtime.linux-arm64.runtime.native.System.IO.Ports": {
        "type": "Transitive",
        "resolved": "10.0.10",
        "contentHash": "/5lAHJStjE7kwa8WSQAuHS/vBVcNw2LR4m7VN4/DLIC406MjOKyJZPjUcw38dSTbMSdFQ59x3CUKlux5hvQgNg=="
      },
      "runtime.linux-bionic-arm64.runtime.native.System.IO.Ports": {
        "type": "Transitive",
        "resolved": "10.0.10",
        "contentHash": "bBUVzvHkMy7UcYkTugmredcfhkSLgJVQKAZST24W5AmSuZbLoDq0DWel4Z/rxJvRzmIcVwgYJJpGD37Z7ZbexA=="
      },
      "runtime.linux-bionic-x64.runtime.native.System.IO.Ports": {
        "type": "Transitive",
        "resolved": "10.0.10",
        "contentHash": "e954T6zNWzFrF5fg/+Hkyws/dpvwk/DPprz+/pVi/MyfiD0S+Ot5eImzSmf7Zdd6ZDn+9RkaX88nbpLYaXz12A=="
      },
      "runtime.linux-musl-arm.runtime.native.System.IO.Ports": {
        "type": "Transitive",
        "resolved": "10.0.10",
        "contentHash": "Oh5ofJ3tDxtqbAYrKMaT1OH4O4C17jZ6yvdcArcvslaQu9Nq7nn8NYbza18AHFhslTHgY+cFdUVo3X4UV+PlxQ=="
      },
      "runtime.linux-musl-arm64.runtime.native.System.IO.Ports": {
        "type": "Transitive",
        "resolved": "10.0.10",
        "contentHash": "9Y7ZCdwOgVzmwihqbv1ac/CSoFDKu16/qs5Xj7D+KK0kh276+OPXrYGjC5GzwzMexLLbbIezD0wxcY7V8v2hTg=="
      },
      "runtime.linux-musl-x64.runtime.native.System.IO.Ports": {
        "type": "Transitive",
        "resolved": "10.0.10",
        "contentHash": "VJ3RTKj3xkkbbHsAgHZXRVZti+4DYrU3Nz/EyejvomF9lE4WPevUtjJthaeTDRBcNdza1UeAuT56W46IUgaRXQ=="
      },
      "runtime.linux-x64.runtime.native.System.IO.Ports": {
        "type": "Transitive",
        "resolved": "10.0.10",
        "contentHash": "N7ghsEwUYt6os6RhTr/cjTA64nXbvcLOK0a87nd4Kf2CNSIv65iplOmFOFL/xANBfuQE+asa6HINhIRHfkJcHw=="
      },
      "runtime.maccatalyst-arm64.runtime.native.System.IO.Ports": {
        "type": "Transitive",
        "resolved": "10.0.10",
        "contentHash": "melreYhLYAUqRltZRLw7lZmJP7c105JjdDXE4sY+LxcccjPyeIkOoViCAhGcnzgFtoEh99iQsVMslwhahBvtZw=="
      },
      "runtime.maccatalyst-x64.runtime.native.System.IO.Ports": {
        "type": "Transitive",
        "resolved": "10.0.10",
        "contentHash": "33K1HB3X1Ezng4Grfyx7DnjcGUutrDw9CccpkLsq5rz/0Nb6GIz7hV7ooQficCmi0VvXBIWY8qRyuRsMtuEPyw=="
      },
      "runtime.osx-arm64.runtime.native.System.IO.Ports": {
        "type": "Transitive",
        "resolved": "10.0.10",
        "contentHash": "I0UIQPvTI2XrrJPODUcgQ62LPF+oAqCpPLjRlT4BhKfR7mgEIS/+KHtArxhbi4eYVjb3eVfIxFIJ4ag1F7R3mw=="
      },
      "runtime.osx-x64.runtime.native.System.IO.Ports": {
        "type": "Transitive",
        "resolved": "10.0.10",
        "contentHash": "QOLsB0rIvKsPBU5E+6rOeRRsV4blSuBcCUs8u4+7pTn0Duua2u+k+EvLgbINuSMp1Hi+wrIZLaYz9TFAQyDwIg=="
      }
    }
  }
}